{
  "requires": true,
  "lockfileVersion": 1,
  "dependencies": {
    "rjsengine": {
      "version": "1.0.2",
      "resolved": "https://registry.npmjs.org/rjsengine/-/rjsengine-1.0.2.tgz",
      "integrity": "sha512-Oapb0oDP63t1aWX0nQZBdwTaE7q9zmHHkyWDncuFiy4CYAfp9jeGDLdMtAILY9jMTSpE5sbYtBO3CmnGJJCOCQ==",
      "requires": {
        "three": "^0.108.0"
      }
    },
    "three": {
      "version": "0.108.0",
      "resolved": "https://registry.npmjs.org/three/-/three-0.108.0.tgz",
      "integrity": "sha512-d1ysIXwi8qTlbmMwrTxi5pYiiYIflEr0e48krP0LAY8ndS8c6fkLHn6NvRT+o76/Fs9PBLxFViuI62iGVWwwlg=="
    }
  }
}
